Microsoft Visual Studio Solution File, Format Version 12.00
# Visual Studio Version 17
VisualStudioVersion = 17.5.2.0
MinimumVisualStudioVersion = 10.0.40219.1
Project("{FAE04EC0-301F-11D3-BF4B-00C04F79EFBC}") = "PunishmentNumber", "PunishmentNumber.csproj", "{8DCEE162-91EA-3921-557D-8D1B6A02A2AF}"
EndProject
Global
	GlobalSection(SolutionConfigurationPlatforms) = preSolution
		Debug|Any CPU = Debug|Any CPU
		Release|Any CPU = Release|Any CPU
	EndGlobalSection
	GlobalSection(ProjectConfigurationPlatforms) = postSolution
		{8DCEE162-91EA-3921-557D-8D1B6A02A2AF}.Debug|Any CPU.ActiveCfg = Debug|Any CPU
		{8DCEE162-91EA-3921-557D-8D1B6A02A2AF}.Debug|Any CPU.Build.0 = Debug|Any CPU
		{8DCEE162-91EA-3921-557D-8D1B6A02A2AF}.Release|Any CPU.ActiveCfg = Release|Any CPU
		{8DCEE162-91EA-3921-557D-8D1B6A02A2AF}.Release|Any CPU.Build.0 = Release|Any CPU
	EndGlobalSection
	GlobalSection(SolutionProperties) = preSolution
		HideSolutionNode = FALSE
	EndGlobalSection
	GlobalSection(ExtensibilityGlobals) = postSolution
		SolutionGuid = {C3E9DBE3-84BD-4446-BC60-86F7F1585644}
	EndGlobalSection
EndGlobal
