
Microsoft Visual Studio Solution File, Format Version 12.00
# Visual Studio Version 17
VisualStudioVersion = 17.5.002.0
MinimumVisualStudioVersion = 10.0.40219.1
Project("{9A19103F-16F7-4668-BE54-9A1E7A4F7556}") = "MinExtraChar", "MinExtraChar.csproj", "{A3B4D26B-FA99-4753-B8A2-77807C11F336}"
EndProject
Global
	GlobalSection(SolutionConfigurationPlatforms) = preSolution
		Debug|Any CPU = Debug|Any CPU
		Release|Any CPU = Release|Any CPU
	EndGlobalSection
	GlobalSection(ProjectConfigurationPlatforms) = postSolution
		{A3B4D26B-FA99-4753-B8A2-77807C11F336}.Debug|Any CPU.ActiveCfg = Debug|Any CPU
		{A3B4D26B-FA99-4753-B8A2-77807C11F336}.Debug|Any CPU.Build.0 = Debug|Any CPU
		{A3B4D26B-FA99-4753-B8A2-77807C11F336}.Release|Any CPU.ActiveCfg = Release|Any CPU
		{A3B4D26B-FA99-4753-B8A2-77807C11F336}.Release|Any CPU.Build.0 = Release|Any CPU
	EndGlobalSection
	GlobalSection(SolutionProperties) = preSolution
		HideSolutionNode = FALSE
	EndGlobalSection
	GlobalSection(ExtensibilityGlobals) = postSolution
		SolutionGuid = {246D3D16-3CF3-4E9C-96CA-C85A4B996822}
	EndGlobalSection
EndGlobal
