
Microsoft Visual Studio Solution File, Format Version 12.00
# Visual Studio Version 17
VisualStudioVersion = 17.5.002.0
MinimumVisualStudioVersion = 10.0.40219.1
Project("{9A19103F-16F7-4668-BE54-9A1E7A4F7556}") = "LargestCombination", "LargestCombination.csproj", "{70C2EC8F-B140-470F-9E77-79CE3501EA20}"
EndProject
Global
	GlobalSection(SolutionConfigurationPlatforms) = preSolution
		Debug|Any CPU = Debug|Any CPU
		Release|Any CPU = Release|Any CPU
	EndGlobalSection
	GlobalSection(ProjectConfigurationPlatforms) = postSolution
		{70C2EC8F-B140-470F-9E77-79CE3501EA20}.Debug|Any CPU.ActiveCfg = Debug|Any CPU
		{70C2EC8F-B140-470F-9E77-79CE3501EA20}.Debug|Any CPU.Build.0 = Debug|Any CPU
		{70C2EC8F-B140-470F-9E77-79CE3501EA20}.Release|Any CPU.ActiveCfg = Release|Any CPU
		{70C2EC8F-B140-470F-9E77-79CE3501EA20}.Release|Any CPU.Build.0 = Release|Any CPU
	EndGlobalSection
	GlobalSection(SolutionProperties) = preSolution
		HideSolutionNode = FALSE
	EndGlobalSection
	GlobalSection(ExtensibilityGlobals) = postSolution
		SolutionGuid = {6C0E5870-10FE-42EF-BD58-EDFB0A8BAE95}
	EndGlobalSection
EndGlobal
