Microsoft Visual Studio Solution File, Format Version 12.00
# Visual Studio Version 17
VisualStudioVersion = 17.5.2.0
MinimumVisualStudioVersion = 10.0.40219.1
Project("{FAE04EC0-301F-11D3-BF4B-00C04F79EFBC}") = "MaxScoreWords", "MaxScoreWords.csproj", "{124B1A17-938B-7A4D-A231-4E136D0FEE31}"
EndProject
Global
	GlobalSection(SolutionConfigurationPlatforms) = preSolution
		Debug|Any CPU = Debug|Any CPU
		Release|Any CPU = Release|Any CPU
	EndGlobalSection
	GlobalSection(ProjectConfigurationPlatforms) = postSolution
		{124B1A17-938B-7A4D-A231-4E136D0FEE31}.Debug|Any CPU.ActiveCfg = Debug|Any CPU
		{124B1A17-938B-7A4D-A231-4E136D0FEE31}.Debug|Any CPU.Build.0 = Debug|Any CPU
		{124B1A17-938B-7A4D-A231-4E136D0FEE31}.Release|Any CPU.ActiveCfg = Release|Any CPU
		{124B1A17-938B-7A4D-A231-4E136D0FEE31}.Release|Any CPU.Build.0 = Release|Any CPU
	EndGlobalSection
	GlobalSection(SolutionProperties) = preSolution
		HideSolutionNode = FALSE
	EndGlobalSection
	GlobalSection(ExtensibilityGlobals) = postSolution
		SolutionGuid = {8A7D227F-32E0-4199-B2ED-B78745921817}
	EndGlobalSection
EndGlobal
