Microsoft Visual Studio Solution File, Format Version 12.00
# Visual Studio Version 17
VisualStudioVersion = 17.5.2.0
MinimumVisualStudioVersion = 10.0.40219.1
Project("{FAE04EC0-301F-11D3-BF4B-00C04F79EFBC}") = "MaxCandies", "MaxCandies.csproj", "{7B925D5D-2849-7EEA-9514-08D9492C0AC5}"
EndProject
Global
	GlobalSection(SolutionConfigurationPlatforms) = preSolution
		Debug|Any CPU = Debug|Any CPU
		Release|Any CPU = Release|Any CPU
	EndGlobalSection
	GlobalSection(ProjectConfigurationPlatforms) = postSolution
		{7B925D5D-2849-7EEA-9514-08D9492C0AC5}.Debug|Any CPU.ActiveCfg = Debug|Any CPU
		{7B925D5D-2849-7EEA-9514-08D9492C0AC5}.Debug|Any CPU.Build.0 = Debug|Any CPU
		{7B925D5D-2849-7EEA-9514-08D9492C0AC5}.Release|Any CPU.ActiveCfg = Release|Any CPU
		{7B925D5D-2849-7EEA-9514-08D9492C0AC5}.Release|Any CPU.Build.0 = Release|Any CPU
	EndGlobalSection
	GlobalSection(SolutionProperties) = preSolution
		HideSolutionNode = FALSE
	EndGlobalSection
	GlobalSection(ExtensibilityGlobals) = postSolution
		SolutionGuid = {99B08F36-0537-40AB-A40A-35C3BBE7E0C3}
	EndGlobalSection
EndGlobal
