Microsoft Visual Studio Solution File, Format Version 12.00
# Visual Studio Version 17
VisualStudioVersion = 17.5.2.0
MinimumVisualStudioVersion = 10.0.40219.1
Project("{FAE04EC0-301F-11D3-BF4B-00C04F79EFBC}") = "FindContentChildren", "FindContentChildren.csproj", "{8340094F-DA1A-3403-C83B-63A9F215F655}"
EndProject
Global
	GlobalSection(SolutionConfigurationPlatforms) = preSolution
		Debug|Any CPU = Debug|Any CPU
		Release|Any CPU = Release|Any CPU
	EndGlobalSection
	GlobalSection(ProjectConfigurationPlatforms) = postSolution
		{8340094F-DA1A-3403-C83B-63A9F215F655}.Debug|Any CPU.ActiveCfg = Debug|Any CPU
		{8340094F-DA1A-3403-C83B-63A9F215F655}.Debug|Any CPU.Build.0 = Debug|Any CPU
		{8340094F-DA1A-3403-C83B-63A9F215F655}.Release|Any CPU.ActiveCfg = Release|Any CPU
		{8340094F-DA1A-3403-C83B-63A9F215F655}.Release|Any CPU.Build.0 = Release|Any CPU
	EndGlobalSection
	GlobalSection(SolutionProperties) = preSolution
		HideSolutionNode = FALSE
	EndGlobalSection
	GlobalSection(ExtensibilityGlobals) = postSolution
		SolutionGuid = {B8B569F2-9549-481B-B06F-A266FC80C4BF}
	EndGlobalSection
EndGlobal
