
Microsoft Visual Studio Solution File, Format Version 12.00
# Visual Studio Version 17
VisualStudioVersion = 17.5.002.0
MinimumVisualStudioVersion = 10.0.40219.1
Project("{9A19103F-16F7-4668-BE54-9A1E7A4F7556}") = "MaxWidthRamp", "MaxWidthRamp.csproj", "{20DF25DF-DC7D-4AB0-AFF4-4816552A13ED}"
EndProject
Global
	GlobalSection(SolutionConfigurationPlatforms) = preSolution
		Debug|Any CPU = Debug|Any CPU
		Release|Any CPU = Release|Any CPU
	EndGlobalSection
	GlobalSection(ProjectConfigurationPlatforms) = postSolution
		{20DF25DF-DC7D-4AB0-AFF4-4816552A13ED}.Debug|Any CPU.ActiveCfg = Debug|Any CPU
		{20DF25DF-DC7D-4AB0-AFF4-4816552A13ED}.Debug|Any CPU.Build.0 = Debug|Any CPU
		{20DF25DF-DC7D-4AB0-AFF4-4816552A13ED}.Release|Any CPU.ActiveCfg = Release|Any CPU
		{20DF25DF-DC7D-4AB0-AFF4-4816552A13ED}.Release|Any CPU.Build.0 = Release|Any CPU
	EndGlobalSection
	GlobalSection(SolutionProperties) = preSolution
		HideSolutionNode = FALSE
	EndGlobalSection
	GlobalSection(ExtensibilityGlobals) = postSolution
		SolutionGuid = {90ADCC4A-97D6-48DC-B668-31DC444A7C6D}
	EndGlobalSection
EndGlobal
