Microsoft Visual Studio Solution File, Format Version 12.00
# Visual Studio Version 17
VisualStudioVersion = 17.5.2.0
MinimumVisualStudioVersion = 10.0.40219.1
Project("{FAE04EC0-301F-11D3-BF4B-00C04F79EFBC}") = "FindSmallestInteger", "FindSmallestInteger.csproj", "{8F1442CC-3204-F369-7B2D-93B2898CA7F1}"
EndProject
Global
	GlobalSection(SolutionConfigurationPlatforms) = preSolution
		Debug|Any CPU = Debug|Any CPU
		Release|Any CPU = Release|Any CPU
	EndGlobalSection
	GlobalSection(ProjectConfigurationPlatforms) = postSolution
		{8F1442CC-3204-F369-7B2D-93B2898CA7F1}.Debug|Any CPU.ActiveCfg = Debug|Any CPU
		{8F1442CC-3204-F369-7B2D-93B2898CA7F1}.Debug|Any CPU.Build.0 = Debug|Any CPU
		{8F1442CC-3204-F369-7B2D-93B2898CA7F1}.Release|Any CPU.ActiveCfg = Release|Any CPU
		{8F1442CC-3204-F369-7B2D-93B2898CA7F1}.Release|Any CPU.Build.0 = Release|Any CPU
	EndGlobalSection
	GlobalSection(SolutionProperties) = preSolution
		HideSolutionNode = FALSE
	EndGlobalSection
	GlobalSection(ExtensibilityGlobals) = postSolution
		SolutionGuid = {1E433D60-E808-4906-B6D2-59A046FC89C6}
	EndGlobalSection
EndGlobal
