Microsoft Visual Studio Solution File, Format Version 12.00
# Visual Studio Version 17
VisualStudioVersion = 17.5.2.0
MinimumVisualStudioVersion = 10.0.40219.1
Project("{FAE04EC0-301F-11D3-BF4B-00C04F79EFBC}") = "NumOfUnplacedFruits", "NumOfUnplacedFruits.csproj", "{CA1C02BD-721F-08C9-470E-9EF322C2D4ED}"
EndProject
Global
	GlobalSection(SolutionConfigurationPlatforms) = preSolution
		Debug|Any CPU = Debug|Any CPU
		Release|Any CPU = Release|Any CPU
	EndGlobalSection
	GlobalSection(ProjectConfigurationPlatforms) = postSolution
		{CA1C02BD-721F-08C9-470E-9EF322C2D4ED}.Debug|Any CPU.ActiveCfg = Debug|Any CPU
		{CA1C02BD-721F-08C9-470E-9EF322C2D4ED}.Debug|Any CPU.Build.0 = Debug|Any CPU
		{CA1C02BD-721F-08C9-470E-9EF322C2D4ED}.Release|Any CPU.ActiveCfg = Release|Any CPU
		{CA1C02BD-721F-08C9-470E-9EF322C2D4ED}.Release|Any CPU.Build.0 = Release|Any CPU
	EndGlobalSection
	GlobalSection(SolutionProperties) = preSolution
		HideSolutionNode = FALSE
	EndGlobalSection
	GlobalSection(ExtensibilityGlobals) = postSolution
		SolutionGuid = {7279DC53-9366-4F3A-B364-21A97BBA2B03}
	EndGlobalSection
EndGlobal
