Microsoft Visual Studio Solution File, Format Version 12.00
# Visual Studio Version 17
VisualStudioVersion = 17.5.2.0
MinimumVisualStudioVersion = 10.0.40219.1
Project("{FAE04EC0-301F-11D3-BF4B-00C04F79EFBC}") = "DuplicateZeros", "DuplicateZeros.csproj", "{88D59790-2852-8878-9B48-81A5DE4E8382}"
EndProject
Global
	GlobalSection(SolutionConfigurationPlatforms) = preSolution
		Debug|Any CPU = Debug|Any CPU
		Release|Any CPU = Release|Any CPU
	EndGlobalSection
	GlobalSection(ProjectConfigurationPlatforms) = postSolution
		{88D59790-2852-8878-9B48-81A5DE4E8382}.Debug|Any CPU.ActiveCfg = Debug|Any CPU
		{88D59790-2852-8878-9B48-81A5DE4E8382}.Debug|Any CPU.Build.0 = Debug|Any CPU
		{88D59790-2852-8878-9B48-81A5DE4E8382}.Release|Any CPU.ActiveCfg = Release|Any CPU
		{88D59790-2852-8878-9B48-81A5DE4E8382}.Release|Any CPU.Build.0 = Release|Any CPU
	EndGlobalSection
	GlobalSection(SolutionProperties) = preSolution
		HideSolutionNode = FALSE
	EndGlobalSection
	GlobalSection(ExtensibilityGlobals) = postSolution
		SolutionGuid = {51E83A43-9E9D-4EEE-B09D-D58CA4FEDD6F}
	EndGlobalSection
EndGlobal
