Microsoft Visual Studio Solution File, Format Version 12.00
# Visual Studio Version 17
VisualStudioVersion = 17.5.2.0
MinimumVisualStudioVersion = 10.0.40219.1
Project("{FAE04EC0-301F-11D3-BF4B-00C04F79EFBC}") = "RemoveDuplicatesII", "RemoveDuplicatesII.csproj", "{9391B9FA-3388-70B4-0C6E-5E077EB2DB24}"
EndProject
Global
	GlobalSection(SolutionConfigurationPlatforms) = preSolution
		Debug|Any CPU = Debug|Any CPU
		Release|Any CPU = Release|Any CPU
	EndGlobalSection
	GlobalSection(ProjectConfigurationPlatforms) = postSolution
		{9391B9FA-3388-70B4-0C6E-5E077EB2DB24}.Debug|Any CPU.ActiveCfg = Debug|Any CPU
		{9391B9FA-3388-70B4-0C6E-5E077EB2DB24}.Debug|Any CPU.Build.0 = Debug|Any CPU
		{9391B9FA-3388-70B4-0C6E-5E077EB2DB24}.Release|Any CPU.ActiveCfg = Release|Any CPU
		{9391B9FA-3388-70B4-0C6E-5E077EB2DB24}.Release|Any CPU.Build.0 = Release|Any CPU
	EndGlobalSection
	GlobalSection(SolutionProperties) = preSolution
		HideSolutionNode = FALSE
	EndGlobalSection
	GlobalSection(ExtensibilityGlobals) = postSolution
		SolutionGuid = {D0D73247-CF26-423D-BEC7-B1FAF31799F6}
	EndGlobalSection
EndGlobal
