Microsoft Visual Studio Solution File, Format Version 12.00
# Visual Studio Version 17
VisualStudioVersion = 17.5.2.0
MinimumVisualStudioVersion = 10.0.40219.1
Project("{FAE04EC0-301F-11D3-BF4B-00C04F79EFBC}") = "QueriesOnPermutation", "QueriesOnPermutation.csproj", "{6011CEF2-C0F6-2670-D64A-C946160686CF}"
EndProject
Global
	GlobalSection(SolutionConfigurationPlatforms) = preSolution
		Debug|Any CPU = Debug|Any CPU
		Release|Any CPU = Release|Any CPU
	EndGlobalSection
	GlobalSection(ProjectConfigurationPlatforms) = postSolution
		{6011CEF2-C0F6-2670-D64A-C946160686CF}.Debug|Any CPU.ActiveCfg = Debug|Any CPU
		{6011CEF2-C0F6-2670-D64A-C946160686CF}.Debug|Any CPU.Build.0 = Debug|Any CPU
		{6011CEF2-C0F6-2670-D64A-C946160686CF}.Release|Any CPU.ActiveCfg = Release|Any CPU
		{6011CEF2-C0F6-2670-D64A-C946160686CF}.Release|Any CPU.Build.0 = Release|Any CPU
	EndGlobalSection
	GlobalSection(SolutionProperties) = preSolution
		HideSolutionNode = FALSE
	EndGlobalSection
	GlobalSection(ExtensibilityGlobals) = postSolution
		SolutionGuid = {B49B8BE6-D87A-4242-B50E-99D586CAAD33}
	EndGlobalSection
EndGlobal
