
Microsoft Visual Studio Solution File, Format Version 12.00
# Visual Studio Version 17
VisualStudioVersion = 17.5.002.0
MinimumVisualStudioVersion = 10.0.40219.1
Project("{9A19103F-16F7-4668-BE54-9A1E7A4F7556}") = "RepeatLimitedString", "RepeatLimitedString.csproj", "{8C17F386-3E73-4D5E-ADD0-813E7B30F3F8}"
EndProject
Global
	GlobalSection(SolutionConfigurationPlatforms) = preSolution
		Debug|Any CPU = Debug|Any CPU
		Release|Any CPU = Release|Any CPU
	EndGlobalSection
	GlobalSection(ProjectConfigurationPlatforms) = postSolution
		{8C17F386-3E73-4D5E-ADD0-813E7B30F3F8}.Debug|Any CPU.ActiveCfg = Debug|Any CPU
		{8C17F386-3E73-4D5E-ADD0-813E7B30F3F8}.Debug|Any CPU.Build.0 = Debug|Any CPU
		{8C17F386-3E73-4D5E-ADD0-813E7B30F3F8}.Release|Any CPU.ActiveCfg = Release|Any CPU
		{8C17F386-3E73-4D5E-ADD0-813E7B30F3F8}.Release|Any CPU.Build.0 = Release|Any CPU
	EndGlobalSection
	GlobalSection(SolutionProperties) = preSolution
		HideSolutionNode = FALSE
	EndGlobalSection
	GlobalSection(ExtensibilityGlobals) = postSolution
		SolutionGuid = {E07DE8EF-1A7B-4426-9622-09FF33D7B25D}
	EndGlobalSection
EndGlobal
