Microsoft Visual Studio Solution File, Format Version 12.00
# Visual Studio Version 17
VisualStudioVersion = 17.5.2.0
MinimumVisualStudioVersion = 10.0.40219.1
Project("{FAE04EC0-301F-11D3-BF4B-00C04F79EFBC}") = "Shuffle", "Shuffle.csproj", "{871B623D-8A79-1E80-CFBC-5E190C6F233D}"
EndProject
Global
	GlobalSection(SolutionConfigurationPlatforms) = preSolution
		Debug|Any CPU = Debug|Any CPU
		Release|Any CPU = Release|Any CPU
	EndGlobalSection
	GlobalSection(ProjectConfigurationPlatforms) = postSolution
		{871B623D-8A79-1E80-CFBC-5E190C6F233D}.Debug|Any CPU.ActiveCfg = Debug|Any CPU
		{871B623D-8A79-1E80-CFBC-5E190C6F233D}.Debug|Any CPU.Build.0 = Debug|Any CPU
		{871B623D-8A79-1E80-CFBC-5E190C6F233D}.Release|Any CPU.ActiveCfg = Release|Any CPU
		{871B623D-8A79-1E80-CFBC-5E190C6F233D}.Release|Any CPU.Build.0 = Release|Any CPU
	EndGlobalSection
	GlobalSection(SolutionProperties) = preSolution
		HideSolutionNode = FALSE
	EndGlobalSection
	GlobalSection(ExtensibilityGlobals) = postSolution
		SolutionGuid = {94DEA810-C244-459C-94D7-59E4C0362D79}
	EndGlobalSection
EndGlobal
