Microsoft Visual Studio Solution File, Format Version 12.00
# Visual Studio Version 17
VisualStudioVersion = 17.5.2.0
MinimumVisualStudioVersion = 10.0.40219.1
Project("{FAE04EC0-301F-11D3-BF4B-00C04F79EFBC}") = "MaximumCandies", "MaximumCandies.csproj", "{0CC66F0A-2777-1867-A7FF-F1159EDFFEF3}"
EndProject
Global
	GlobalSection(SolutionConfigurationPlatforms) = preSolution
		Debug|Any CPU = Debug|Any CPU
		Release|Any CPU = Release|Any CPU
	EndGlobalSection
	GlobalSection(ProjectConfigurationPlatforms) = postSolution
		{0CC66F0A-2777-1867-A7FF-F1159EDFFEF3}.Debug|Any CPU.ActiveCfg = Debug|Any CPU
		{0CC66F0A-2777-1867-A7FF-F1159EDFFEF3}.Debug|Any CPU.Build.0 = Debug|Any CPU
		{0CC66F0A-2777-1867-A7FF-F1159EDFFEF3}.Release|Any CPU.ActiveCfg = Release|Any CPU
		{0CC66F0A-2777-1867-A7FF-F1159EDFFEF3}.Release|Any CPU.Build.0 = Release|Any CPU
	EndGlobalSection
	GlobalSection(SolutionProperties) = preSolution
		HideSolutionNode = FALSE
	EndGlobalSection
	GlobalSection(ExtensibilityGlobals) = postSolution
		SolutionGuid = {46A77478-AAFC-4D03-9B33-690C20A4A936}
	EndGlobalSection
EndGlobal
