Microsoft Visual Studio Solution File, Format Version 12.00
# Visual Studio Version 17
VisualStudioVersion = 17.5.2.0
MinimumVisualStudioVersion = 10.0.40219.1
Project("{FAE04EC0-301F-11D3-BF4B-00C04F79EFBC}") = "SplitWordsBySeparator", "SplitWordsBySeparator.csproj", "{7D373064-9304-7AB2-99DC-2DFDC7AE782C}"
EndProject
Global
	GlobalSection(SolutionConfigurationPlatforms) = preSolution
		Debug|Any CPU = Debug|Any CPU
		Release|Any CPU = Release|Any CPU
	EndGlobalSection
	GlobalSection(ProjectConfigurationPlatforms) = postSolution
		{7D373064-9304-7AB2-99DC-2DFDC7AE782C}.Debug|Any CPU.ActiveCfg = Debug|Any CPU
		{7D373064-9304-7AB2-99DC-2DFDC7AE782C}.Debug|Any CPU.Build.0 = Debug|Any CPU
		{7D373064-9304-7AB2-99DC-2DFDC7AE782C}.Release|Any CPU.ActiveCfg = Release|Any CPU
		{7D373064-9304-7AB2-99DC-2DFDC7AE782C}.Release|Any CPU.Build.0 = Release|Any CPU
	EndGlobalSection
	GlobalSection(SolutionProperties) = preSolution
		HideSolutionNode = FALSE
	EndGlobalSection
	GlobalSection(ExtensibilityGlobals) = postSolution
		SolutionGuid = {DE40D18B-4E3A-4CDA-A47E-E10BFC2A3C77}
	EndGlobalSection
EndGlobal
