Microsoft Visual Studio Solution File, Format Version 12.00
# Visual Studio Version 17
VisualStudioVersion = 17.5.2.0
MinimumVisualStudioVersion = 10.0.40219.1
Project("{FAE04EC0-301F-11D3-BF4B-00C04F79EFBC}") = "MovieRentingSystem", "MovieRentingSystem.csproj", "{31A926BC-F1E2-CCCB-4F26-8DFA08674742}"
EndProject
Global
	GlobalSection(SolutionConfigurationPlatforms) = preSolution
		Debug|Any CPU = Debug|Any CPU
		Release|Any CPU = Release|Any CPU
	EndGlobalSection
	GlobalSection(ProjectConfigurationPlatforms) = postSolution
		{31A926BC-F1E2-CCCB-4F26-8DFA08674742}.Debug|Any CPU.ActiveCfg = Debug|Any CPU
		{31A926BC-F1E2-CCCB-4F26-8DFA08674742}.Debug|Any CPU.Build.0 = Debug|Any CPU
		{31A926BC-F1E2-CCCB-4F26-8DFA08674742}.Release|Any CPU.ActiveCfg = Release|Any CPU
		{31A926BC-F1E2-CCCB-4F26-8DFA08674742}.Release|Any CPU.Build.0 = Release|Any CPU
	EndGlobalSection
	GlobalSection(SolutionProperties) = preSolution
		HideSolutionNode = FALSE
	EndGlobalSection
	GlobalSection(ExtensibilityGlobals) = postSolution
		SolutionGuid = {A32F1EEE-388F-446B-B79A-27DC8B5B2D8B}
	EndGlobalSection
EndGlobal
