Microsoft Visual Studio Solution File, Format Version 12.00
# Visual Studio Version 17
VisualStudioVersion = 17.5.2.0
MinimumVisualStudioVersion = 10.0.40219.1
Project("{FAE04EC0-301F-11D3-BF4B-00C04F79EFBC}") = "NaryTreePreorder", "NaryTreePreorder.csproj", "{DD1C8882-EA56-6171-4717-39D04F8FB070}"
EndProject
Global
	GlobalSection(SolutionConfigurationPlatforms) = preSolution
		Debug|Any CPU = Debug|Any CPU
		Release|Any CPU = Release|Any CPU
	EndGlobalSection
	GlobalSection(ProjectConfigurationPlatforms) = postSolution
		{DD1C8882-EA56-6171-4717-39D04F8FB070}.Debug|Any CPU.ActiveCfg = Debug|Any CPU
		{DD1C8882-EA56-6171-4717-39D04F8FB070}.Debug|Any CPU.Build.0 = Debug|Any CPU
		{DD1C8882-EA56-6171-4717-39D04F8FB070}.Release|Any CPU.ActiveCfg = Release|Any CPU
		{DD1C8882-EA56-6171-4717-39D04F8FB070}.Release|Any CPU.Build.0 = Release|Any CPU
	EndGlobalSection
	GlobalSection(SolutionProperties) = preSolution
		HideSolutionNode = FALSE
	EndGlobalSection
	GlobalSection(ExtensibilityGlobals) = postSolution
		SolutionGuid = {281F9173-911B-4BFF-90A8-0D53CE794D8D}
	EndGlobalSection
EndGlobal
