Microsoft Visual Studio Solution File, Format Version 12.00
# Visual Studio Version 17
VisualStudioVersion = 17.5.2.0
MinimumVisualStudioVersion = 10.0.40219.1
Project("{FAE04EC0-301F-11D3-BF4B-00C04F79EFBC}") = "RangeSumBST", "RangeSumBST.csproj", "{787C3AEE-23F5-5615-E513-C68033272CB1}"
EndProject
Global
	GlobalSection(SolutionConfigurationPlatforms) = preSolution
		Debug|Any CPU = Debug|Any CPU
		Release|Any CPU = Release|Any CPU
	EndGlobalSection
	GlobalSection(ProjectConfigurationPlatforms) = postSolution
		{787C3AEE-23F5-5615-E513-C68033272CB1}.Debug|Any CPU.ActiveCfg = Debug|Any CPU
		{787C3AEE-23F5-5615-E513-C68033272CB1}.Debug|Any CPU.Build.0 = Debug|Any CPU
		{787C3AEE-23F5-5615-E513-C68033272CB1}.Release|Any CPU.ActiveCfg = Release|Any CPU
		{787C3AEE-23F5-5615-E513-C68033272CB1}.Release|Any CPU.Build.0 = Release|Any CPU
	EndGlobalSection
	GlobalSection(SolutionProperties) = preSolution
		HideSolutionNode = FALSE
	EndGlobalSection
	GlobalSection(ExtensibilityGlobals) = postSolution
		SolutionGuid = {72B6185E-4504-45C2-8B3E-5E3AE8BE367C}
	EndGlobalSection
EndGlobal
