
Microsoft Visual Studio Solution File, Format Version 12.00
# Visual Studio Version 17
VisualStudioVersion = 17.5.002.0
MinimumVisualStudioVersion = 10.0.40219.1
Project("{9A19103F-16F7-4668-BE54-9A1E7A4F7556}") = "MinimumDiameterAfterMerge", "MinimumDiameterAfterMerge.csproj", "{CC878CC4-C12D-4485-87F0-FE9A86F47B47}"
EndProject
Global
	GlobalSection(SolutionConfigurationPlatforms) = preSolution
		Debug|Any CPU = Debug|Any CPU
		Release|Any CPU = Release|Any CPU
	EndGlobalSection
	GlobalSection(ProjectConfigurationPlatforms) = postSolution
		{CC878CC4-C12D-4485-87F0-FE9A86F47B47}.Debug|Any CPU.ActiveCfg = Debug|Any CPU
		{CC878CC4-C12D-4485-87F0-FE9A86F47B47}.Debug|Any CPU.Build.0 = Debug|Any CPU
		{CC878CC4-C12D-4485-87F0-FE9A86F47B47}.Release|Any CPU.ActiveCfg = Release|Any CPU
		{CC878CC4-C12D-4485-87F0-FE9A86F47B47}.Release|Any CPU.Build.0 = Release|Any CPU
	EndGlobalSection
	GlobalSection(SolutionProperties) = preSolution
		HideSolutionNode = FALSE
	EndGlobalSection
	GlobalSection(ExtensibilityGlobals) = postSolution
		SolutionGuid = {9D6E4F95-FFD2-4181-B6C6-EE01F7849488}
	EndGlobalSection
EndGlobal
