Microsoft Visual Studio Solution File, Format Version 12.00
# Visual Studio Version 17
VisualStudioVersion = 17.5.2.0
MinimumVisualStudioVersion = 10.0.40219.1
Project("{FAE04EC0-301F-11D3-BF4B-00C04F79EFBC}") = "MinMaxDifference", "MinMaxDifference.csproj", "{6C71F3F6-18A7-E175-2610-B15333C84C64}"
EndProject
Global
	GlobalSection(SolutionConfigurationPlatforms) = preSolution
		Debug|Any CPU = Debug|Any CPU
		Release|Any CPU = Release|Any CPU
	EndGlobalSection
	GlobalSection(ProjectConfigurationPlatforms) = postSolution
		{6C71F3F6-18A7-E175-2610-B15333C84C64}.Debug|Any CPU.ActiveCfg = Debug|Any CPU
		{6C71F3F6-18A7-E175-2610-B15333C84C64}.Debug|Any CPU.Build.0 = Debug|Any CPU
		{6C71F3F6-18A7-E175-2610-B15333C84C64}.Release|Any CPU.ActiveCfg = Release|Any CPU
		{6C71F3F6-18A7-E175-2610-B15333C84C64}.Release|Any CPU.Build.0 = Release|Any CPU
	EndGlobalSection
	GlobalSection(SolutionProperties) = preSolution
		HideSolutionNode = FALSE
	EndGlobalSection
	GlobalSection(ExtensibilityGlobals) = postSolution
		SolutionGuid = {406DE244-C1F8-41AA-91D3-209CE46FCA3B}
	EndGlobalSection
EndGlobal
