Microsoft Visual Studio Solution File, Format Version 12.00
# Visual Studio Version 17
VisualStudioVersion = 17.5.2.0
MinimumVisualStudioVersion = 10.0.40219.1
Project("{FAE04EC0-301F-11D3-BF4B-00C04F79EFBC}") = "CountDays", "CountDays.csproj", "{2C082E32-C9C5-8431-E991-27D8E8E7DF66}"
EndProject
Global
	GlobalSection(SolutionConfigurationPlatforms) = preSolution
		Debug|Any CPU = Debug|Any CPU
		Release|Any CPU = Release|Any CPU
	EndGlobalSection
	GlobalSection(ProjectConfigurationPlatforms) = postSolution
		{2C082E32-C9C5-8431-E991-27D8E8E7DF66}.Debug|Any CPU.ActiveCfg = Debug|Any CPU
		{2C082E32-C9C5-8431-E991-27D8E8E7DF66}.Debug|Any CPU.Build.0 = Debug|Any CPU
		{2C082E32-C9C5-8431-E991-27D8E8E7DF66}.Release|Any CPU.ActiveCfg = Release|Any CPU
		{2C082E32-C9C5-8431-E991-27D8E8E7DF66}.Release|Any CPU.Build.0 = Release|Any CPU
	EndGlobalSection
	GlobalSection(SolutionProperties) = preSolution
		HideSolutionNode = FALSE
	EndGlobalSection
	GlobalSection(ExtensibilityGlobals) = postSolution
		SolutionGuid = {DC081018-B501-45EB-820D-AD56CC707C18}
	EndGlobalSection
EndGlobal
