Microsoft Visual Studio Solution File, Format Version 12.00
# Visual Studio Version 17
VisualStudioVersion = 17.5.2.0
MinimumVisualStudioVersion = 10.0.40219.1
Project("{FAE04EC0-301F-11D3-BF4B-00C04F79EFBC}") = "FindShortestSubArray", "FindShortestSubArray.csproj", "{F70D0A66-6655-644B-FD88-D69FE3235790}"
EndProject
Global
	GlobalSection(SolutionConfigurationPlatforms) = preSolution
		Debug|Any CPU = Debug|Any CPU
		Release|Any CPU = Release|Any CPU
	EndGlobalSection
	GlobalSection(ProjectConfigurationPlatforms) = postSolution
		{F70D0A66-6655-644B-FD88-D69FE3235790}.Debug|Any CPU.ActiveCfg = Debug|Any CPU
		{F70D0A66-6655-644B-FD88-D69FE3235790}.Debug|Any CPU.Build.0 = Debug|Any CPU
		{F70D0A66-6655-644B-FD88-D69FE3235790}.Release|Any CPU.ActiveCfg = Release|Any CPU
		{F70D0A66-6655-644B-FD88-D69FE3235790}.Release|Any CPU.Build.0 = Release|Any CPU
	EndGlobalSection
	GlobalSection(SolutionProperties) = preSolution
		HideSolutionNode = FALSE
	EndGlobalSection
	GlobalSection(ExtensibilityGlobals) = postSolution
		SolutionGuid = {63E36B36-B4D6-4E5A-85ED-78944C3F791C}
	EndGlobalSection
EndGlobal
