
Microsoft Visual Studio Solution File, Format Version 12.00
# Visual Studio Version 17
VisualStudioVersion = 17.5.002.0
MinimumVisualStudioVersion = 10.0.40219.1
Project("{9A19103F-16F7-4668-BE54-9A1E7A4F7556}") = "MaxCount", "MaxCount.csproj", "{CF019693-2532-458F-9A58-38BAF1959263}"
EndProject
Global
	GlobalSection(SolutionConfigurationPlatforms) = preSolution
		Debug|Any CPU = Debug|Any CPU
		Release|Any CPU = Release|Any CPU
	EndGlobalSection
	GlobalSection(ProjectConfigurationPlatforms) = postSolution
		{CF019693-2532-458F-9A58-38BAF1959263}.Debug|Any CPU.ActiveCfg = Debug|Any CPU
		{CF019693-2532-458F-9A58-38BAF1959263}.Debug|Any CPU.Build.0 = Debug|Any CPU
		{CF019693-2532-458F-9A58-38BAF1959263}.Release|Any CPU.ActiveCfg = Release|Any CPU
		{CF019693-2532-458F-9A58-38BAF1959263}.Release|Any CPU.Build.0 = Release|Any CPU
	EndGlobalSection
	GlobalSection(SolutionProperties) = preSolution
		HideSolutionNode = FALSE
	EndGlobalSection
	GlobalSection(ExtensibilityGlobals) = postSolution
		SolutionGuid = {C5ED811C-2125-4D16-9CF2-B09192C7453F}
	EndGlobalSection
EndGlobal
