
Microsoft Visual Studio Solution File, Format Version 12.00
# Visual Studio Version 17
VisualStudioVersion = 17.5.002.0
MinimumVisualStudioVersion = 10.0.40219.1
Project("{9A19103F-16F7-4668-BE54-9A1E7A4F7556}") = "DividePlayers", "DividePlayers.csproj", "{90B3601A-19DF-47F9-B6E9-B55AC250368B}"
EndProject
Global
	GlobalSection(SolutionConfigurationPlatforms) = preSolution
		Debug|Any CPU = Debug|Any CPU
		Release|Any CPU = Release|Any CPU
	EndGlobalSection
	GlobalSection(ProjectConfigurationPlatforms) = postSolution
		{90B3601A-19DF-47F9-B6E9-B55AC250368B}.Debug|Any CPU.ActiveCfg = Debug|Any CPU
		{90B3601A-19DF-47F9-B6E9-B55AC250368B}.Debug|Any CPU.Build.0 = Debug|Any CPU
		{90B3601A-19DF-47F9-B6E9-B55AC250368B}.Release|Any CPU.ActiveCfg = Release|Any CPU
		{90B3601A-19DF-47F9-B6E9-B55AC250368B}.Release|Any CPU.Build.0 = Release|Any CPU
	EndGlobalSection
	GlobalSection(SolutionProperties) = preSolution
		HideSolutionNode = FALSE
	EndGlobalSection
	GlobalSection(ExtensibilityGlobals) = postSolution
		SolutionGuid = {C32B3376-D7DA-4DC4-9796-F99DCC9BEF96}
	EndGlobalSection
EndGlobal
