Microsoft Visual Studio Solution File, Format Version 12.00
# Visual Studio Version 17
VisualStudioVersion = 17.5.2.0
MinimumVisualStudioVersion = 10.0.40219.1
Project("{FAE04EC0-301F-11D3-BF4B-00C04F79EFBC}") = "SortMatrix", "SortMatrix.csproj", "{60318F94-4F41-A4B8-C189-A8135ECCECCB}"
EndProject
Global
	GlobalSection(SolutionConfigurationPlatforms) = preSolution
		Debug|Any CPU = Debug|Any CPU
		Release|Any CPU = Release|Any CPU
	EndGlobalSection
	GlobalSection(ProjectConfigurationPlatforms) = postSolution
		{60318F94-4F41-A4B8-C189-A8135ECCECCB}.Debug|Any CPU.ActiveCfg = Debug|Any CPU
		{60318F94-4F41-A4B8-C189-A8135ECCECCB}.Debug|Any CPU.Build.0 = Debug|Any CPU
		{60318F94-4F41-A4B8-C189-A8135ECCECCB}.Release|Any CPU.ActiveCfg = Release|Any CPU
		{60318F94-4F41-A4B8-C189-A8135ECCECCB}.Release|Any CPU.Build.0 = Release|Any CPU
	EndGlobalSection
	GlobalSection(SolutionProperties) = preSolution
		HideSolutionNode = FALSE
	EndGlobalSection
	GlobalSection(ExtensibilityGlobals) = postSolution
		SolutionGuid = {E39FFAE1-696F-4748-B36C-6B4FEB46904B}
	EndGlobalSection
EndGlobal
