
Microsoft Visual Studio Solution File, Format Version 12.00
# Visual Studio Version 17
VisualStudioVersion = 17.5.002.0
MinimumVisualStudioVersion = 10.0.40219.1
Project("{9A19103F-16F7-4668-BE54-9A1E7A4F7556}") = "ShiftingLetters", "ShiftingLetters.csproj", "{5A308C61-B8F7-424E-8354-B979B806E469}"
EndProject
Global
	GlobalSection(SolutionConfigurationPlatforms) = preSolution
		Debug|Any CPU = Debug|Any CPU
		Release|Any CPU = Release|Any CPU
	EndGlobalSection
	GlobalSection(ProjectConfigurationPlatforms) = postSolution
		{5A308C61-B8F7-424E-8354-B979B806E469}.Debug|Any CPU.ActiveCfg = Debug|Any CPU
		{5A308C61-B8F7-424E-8354-B979B806E469}.Debug|Any CPU.Build.0 = Debug|Any CPU
		{5A308C61-B8F7-424E-8354-B979B806E469}.Release|Any CPU.ActiveCfg = Release|Any CPU
		{5A308C61-B8F7-424E-8354-B979B806E469}.Release|Any CPU.Build.0 = Release|Any CPU
	EndGlobalSection
	GlobalSection(SolutionProperties) = preSolution
		HideSolutionNode = FALSE
	EndGlobalSection
	GlobalSection(ExtensibilityGlobals) = postSolution
		SolutionGuid = {04D9E041-D21B-491D-B377-9CEB94D7D4A5}
	EndGlobalSection
EndGlobal
