Microsoft Visual Studio Solution File, Format Version 12.00
# Visual Studio Version 17
VisualStudioVersion = 17.5.2.0
MinimumVisualStudioVersion = 10.0.40219.1
Project("{FAE04EC0-301F-11D3-BF4B-00C04F79EFBC}") = "CountNegatives", "CountNegatives.csproj", "{FBA4076F-10F8-F99C-6CD7-3095BEBD67AF}"
EndProject
Global
	GlobalSection(SolutionConfigurationPlatforms) = preSolution
		Debug|Any CPU = Debug|Any CPU
		Release|Any CPU = Release|Any CPU
	EndGlobalSection
	GlobalSection(ProjectConfigurationPlatforms) = postSolution
		{FBA4076F-10F8-F99C-6CD7-3095BEBD67AF}.Debug|Any CPU.ActiveCfg = Debug|Any CPU
		{FBA4076F-10F8-F99C-6CD7-3095BEBD67AF}.Debug|Any CPU.Build.0 = Debug|Any CPU
		{FBA4076F-10F8-F99C-6CD7-3095BEBD67AF}.Release|Any CPU.ActiveCfg = Release|Any CPU
		{FBA4076F-10F8-F99C-6CD7-3095BEBD67AF}.Release|Any CPU.Build.0 = Release|Any CPU
	EndGlobalSection
	GlobalSection(SolutionProperties) = preSolution
		HideSolutionNode = FALSE
	EndGlobalSection
	GlobalSection(ExtensibilityGlobals) = postSolution
		SolutionGuid = {D65AD9BE-329F-4EBE-B9DD-C5B5A8666FAC}
	EndGlobalSection
EndGlobal
