Microsoft Visual Studio Solution File, Format Version 12.00
# Visual Studio Version 17
VisualStudioVersion = 17.5.2.0
MinimumVisualStudioVersion = 10.0.40219.1
Project("{FAE04EC0-301F-11D3-BF4B-00C04F79EFBC}") = "MinimumRecolors", "MinimumRecolors.csproj", "{40DD5B2E-1E74-546A-EE88-65E914F3E054}"
EndProject
Global
	GlobalSection(SolutionConfigurationPlatforms) = preSolution
		Debug|Any CPU = Debug|Any CPU
		Release|Any CPU = Release|Any CPU
	EndGlobalSection
	GlobalSection(ProjectConfigurationPlatforms) = postSolution
		{40DD5B2E-1E74-546A-EE88-65E914F3E054}.Debug|Any CPU.ActiveCfg = Debug|Any CPU
		{40DD5B2E-1E74-546A-EE88-65E914F3E054}.Debug|Any CPU.Build.0 = Debug|Any CPU
		{40DD5B2E-1E74-546A-EE88-65E914F3E054}.Release|Any CPU.ActiveCfg = Release|Any CPU
		{40DD5B2E-1E74-546A-EE88-65E914F3E054}.Release|Any CPU.Build.0 = Release|Any CPU
	EndGlobalSection
	GlobalSection(SolutionProperties) = preSolution
		HideSolutionNode = FALSE
	EndGlobalSection
	GlobalSection(ExtensibilityGlobals) = postSolution
		SolutionGuid = {12A26975-470C-497A-9F3B-D6C19E83B7EB}
	EndGlobalSection
EndGlobal
