Microsoft Visual Studio Solution File, Format Version 12.00
# Visual Studio Version 17
VisualStudioVersion = 17.5.2.0
MinimumVisualStudioVersion = 10.0.40219.1
Project("{FAE04EC0-301F-11D3-BF4B-00C04F79EFBC}") = "NumberOfPaths", "NumberOfPaths.csproj", "{1A1174B4-6C93-40A9-AB4D-0BB86DD0E374}"
EndProject
Global
	GlobalSection(SolutionConfigurationPlatforms) = preSolution
		Debug|Any CPU = Debug|Any CPU
		Release|Any CPU = Release|Any CPU
	EndGlobalSection
	GlobalSection(ProjectConfigurationPlatforms) = postSolution
		{1A1174B4-6C93-40A9-AB4D-0BB86DD0E374}.Debug|Any CPU.ActiveCfg = Debug|Any CPU
		{1A1174B4-6C93-40A9-AB4D-0BB86DD0E374}.Debug|Any CPU.Build.0 = Debug|Any CPU
		{1A1174B4-6C93-40A9-AB4D-0BB86DD0E374}.Release|Any CPU.ActiveCfg = Release|Any CPU
		{1A1174B4-6C93-40A9-AB4D-0BB86DD0E374}.Release|Any CPU.Build.0 = Release|Any CPU
	EndGlobalSection
	GlobalSection(SolutionProperties) = preSolution
		HideSolutionNode = FALSE
	EndGlobalSection
	GlobalSection(ExtensibilityGlobals) = postSolution
		SolutionGuid = {623B57B1-C8C2-442D-A233-C4581BA9977E}
	EndGlobalSection
EndGlobal
