Microsoft Visual Studio Solution File, Format Version 12.00
# Visual Studio Version 17
VisualStudioVersion = 17.5.2.0
MinimumVisualStudioVersion = 10.0.40219.1
Project("{FAE04EC0-301F-11D3-BF4B-00C04F79EFBC}") = "AnswerString", "AnswerString.csproj", "{DCCB6DC2-B5B6-9A46-3B0F-A75F8F58A706}"
EndProject
Global
	GlobalSection(SolutionConfigurationPlatforms) = preSolution
		Debug|Any CPU = Debug|Any CPU
		Release|Any CPU = Release|Any CPU
	EndGlobalSection
	GlobalSection(ProjectConfigurationPlatforms) = postSolution
		{DCCB6DC2-B5B6-9A46-3B0F-A75F8F58A706}.Debug|Any CPU.ActiveCfg = Debug|Any CPU
		{DCCB6DC2-B5B6-9A46-3B0F-A75F8F58A706}.Debug|Any CPU.Build.0 = Debug|Any CPU
		{DCCB6DC2-B5B6-9A46-3B0F-A75F8F58A706}.Release|Any CPU.ActiveCfg = Release|Any CPU
		{DCCB6DC2-B5B6-9A46-3B0F-A75F8F58A706}.Release|Any CPU.Build.0 = Release|Any CPU
	EndGlobalSection
	GlobalSection(SolutionProperties) = preSolution
		HideSolutionNode = FALSE
	EndGlobalSection
	GlobalSection(ExtensibilityGlobals) = postSolution
		SolutionGuid = {6D7274BA-EA66-4DF4-BD53-282EC0E137A9}
	EndGlobalSection
EndGlobal
