Microsoft Visual Studio Solution File, Format Version 12.00
# Visual Studio Version 17
VisualStudioVersion = 17.5.2.0
MinimumVisualStudioVersion = 10.0.40219.1
Project("{FAE04EC0-301F-11D3-BF4B-00C04F79EFBC}") = "ProductOfNumbers", "ProductOfNumbers.csproj", "{9C232BFE-D424-C92E-CE4A-6C062602893E}"
EndProject
Global
	GlobalSection(SolutionConfigurationPlatforms) = preSolution
		Debug|Any CPU = Debug|Any CPU
		Release|Any CPU = Release|Any CPU
	EndGlobalSection
	GlobalSection(ProjectConfigurationPlatforms) = postSolution
		{9C232BFE-D424-C92E-CE4A-6C062602893E}.Debug|Any CPU.ActiveCfg = Debug|Any CPU
		{9C232BFE-D424-C92E-CE4A-6C062602893E}.Debug|Any CPU.Build.0 = Debug|Any CPU
		{9C232BFE-D424-C92E-CE4A-6C062602893E}.Release|Any CPU.ActiveCfg = Release|Any CPU
		{9C232BFE-D424-C92E-CE4A-6C062602893E}.Release|Any CPU.Build.0 = Release|Any CPU
	EndGlobalSection
	GlobalSection(SolutionProperties) = preSolution
		HideSolutionNode = FALSE
	EndGlobalSection
	GlobalSection(ExtensibilityGlobals) = postSolution
		SolutionGuid = {6BE672B6-AAF3-4F40-9B65-6B0F253CF62C}
	EndGlobalSection
EndGlobal
