Microsoft Visual Studio Solution File, Format Version 12.00
# Visual Studio Version 17
VisualStudioVersion = 17.5.2.0
MinimumVisualStudioVersion = 10.0.40219.1
Project("{FAE04EC0-301F-11D3-BF4B-00C04F79EFBC}") = "KthCharacter", "KthCharacter.csproj", "{C1568752-40D1-E408-A280-81E85C8E831F}"
EndProject
Global
	GlobalSection(SolutionConfigurationPlatforms) = preSolution
		Debug|Any CPU = Debug|Any CPU
		Release|Any CPU = Release|Any CPU
	EndGlobalSection
	GlobalSection(ProjectConfigurationPlatforms) = postSolution
		{C1568752-40D1-E408-A280-81E85C8E831F}.Debug|Any CPU.ActiveCfg = Debug|Any CPU
		{C1568752-40D1-E408-A280-81E85C8E831F}.Debug|Any CPU.Build.0 = Debug|Any CPU
		{C1568752-40D1-E408-A280-81E85C8E831F}.Release|Any CPU.ActiveCfg = Release|Any CPU
		{C1568752-40D1-E408-A280-81E85C8E831F}.Release|Any CPU.Build.0 = Release|Any CPU
	EndGlobalSection
	GlobalSection(SolutionProperties) = preSolution
		HideSolutionNode = FALSE
	EndGlobalSection
	GlobalSection(ExtensibilityGlobals) = postSolution
		SolutionGuid = {4A167F95-21F1-42B6-8AA3-806E3721FCE6}
	EndGlobalSection
EndGlobal
