Microsoft Visual Studio Solution File, Format Version 12.00
# Visual Studio Version 17
VisualStudioVersion = 17.5.2.0
MinimumVisualStudioVersion = 10.0.40219.1
Project("{FAE04EC0-301F-11D3-BF4B-00C04F79EFBC}") = "FindElements", "FindElements.csproj", "{53863A9E-7FE1-E02C-4921-858AD074BA7F}"
EndProject
Global
	GlobalSection(SolutionConfigurationPlatforms) = preSolution
		Debug|Any CPU = Debug|Any CPU
		Release|Any CPU = Release|Any CPU
	EndGlobalSection
	GlobalSection(ProjectConfigurationPlatforms) = postSolution
		{53863A9E-7FE1-E02C-4921-858AD074BA7F}.Debug|Any CPU.ActiveCfg = Debug|Any CPU
		{53863A9E-7FE1-E02C-4921-858AD074BA7F}.Debug|Any CPU.Build.0 = Debug|Any CPU
		{53863A9E-7FE1-E02C-4921-858AD074BA7F}.Release|Any CPU.ActiveCfg = Release|Any CPU
		{53863A9E-7FE1-E02C-4921-858AD074BA7F}.Release|Any CPU.Build.0 = Release|Any CPU
	EndGlobalSection
	GlobalSection(SolutionProperties) = preSolution
		HideSolutionNode = FALSE
	EndGlobalSection
	GlobalSection(ExtensibilityGlobals) = postSolution
		SolutionGuid = {D47F40F8-E401-425B-AD08-8738B5875394}
	EndGlobalSection
EndGlobal
