Microsoft Visual Studio Solution File, Format Version 12.00
# Visual Studio Version 17
VisualStudioVersion = 17.5.2.0
MinimumVisualStudioVersion = 10.0.40219.1
Project("{FAE04EC0-301F-11D3-BF4B-00C04F79EFBC}") = "RangeAddQueries", "RangeAddQueries.csproj", "{D5971D3E-4C88-8FF5-E2B8-F002DBFB6547}"
EndProject
Global
	GlobalSection(SolutionConfigurationPlatforms) = preSolution
		Debug|Any CPU = Debug|Any CPU
		Release|Any CPU = Release|Any CPU
	EndGlobalSection
	GlobalSection(ProjectConfigurationPlatforms) = postSolution
		{D5971D3E-4C88-8FF5-E2B8-F002DBFB6547}.Debug|Any CPU.ActiveCfg = Debug|Any CPU
		{D5971D3E-4C88-8FF5-E2B8-F002DBFB6547}.Debug|Any CPU.Build.0 = Debug|Any CPU
		{D5971D3E-4C88-8FF5-E2B8-F002DBFB6547}.Release|Any CPU.ActiveCfg = Release|Any CPU
		{D5971D3E-4C88-8FF5-E2B8-F002DBFB6547}.Release|Any CPU.Build.0 = Release|Any CPU
	EndGlobalSection
	GlobalSection(SolutionProperties) = preSolution
		HideSolutionNode = FALSE
	EndGlobalSection
	GlobalSection(ExtensibilityGlobals) = postSolution
		SolutionGuid = {E20D25B6-1535-46DE-93C6-5FCF493200A8}
	EndGlobalSection
EndGlobal
