Microsoft Visual Studio Solution File, Format Version 12.00
# Visual Studio Version 17
VisualStudioVersion = 17.5.2.0
MinimumVisualStudioVersion = 10.0.40219.1
Project("{FAE04EC0-301F-11D3-BF4B-00C04F79EFBC}") = "DesignSpreadsheet", "DesignSpreadsheet.csproj", "{FC4F35B9-7252-BD8F-824A-FC7B8113C00A}"
EndProject
Global
	GlobalSection(SolutionConfigurationPlatforms) = preSolution
		Debug|Any CPU = Debug|Any CPU
		Release|Any CPU = Release|Any CPU
	EndGlobalSection
	GlobalSection(ProjectConfigurationPlatforms) = postSolution
		{FC4F35B9-7252-BD8F-824A-FC7B8113C00A}.Debug|Any CPU.ActiveCfg = Debug|Any CPU
		{FC4F35B9-7252-BD8F-824A-FC7B8113C00A}.Debug|Any CPU.Build.0 = Debug|Any CPU
		{FC4F35B9-7252-BD8F-824A-FC7B8113C00A}.Release|Any CPU.ActiveCfg = Release|Any CPU
		{FC4F35B9-7252-BD8F-824A-FC7B8113C00A}.Release|Any CPU.Build.0 = Release|Any CPU
	EndGlobalSection
	GlobalSection(SolutionProperties) = preSolution
		HideSolutionNode = FALSE
	EndGlobalSection
	GlobalSection(ExtensibilityGlobals) = postSolution
		SolutionGuid = {61AB44E0-B635-4F21-A697-C08FD3026B44}
	EndGlobalSection
EndGlobal
