
Microsoft Visual Studio Solution File, Format Version 12.00
Project("{FAE04EC0-301F-11D3-BF4B-00C04F79EFBC}") = "RemoveOccurrences", "RemoveOccurrences.csproj", "{5DB56172-76BC-49F3-A4F1-0726924D8D5E}"
EndProject
Global
	GlobalSection(SolutionConfigurationPlatforms) = preSolution
		Debug|Any CPU = Debug|Any CPU
		Release|Any CPU = Release|Any CPU
	EndGlobalSection
	GlobalSection(ProjectConfigurationPlatforms) = postSolution
		{5DB56172-76BC-49F3-A4F1-0726924D8D5E}.Debug|Any CPU.ActiveCfg = Debug|Any CPU
		{5DB56172-76BC-49F3-A4F1-0726924D8D5E}.Debug|Any CPU.Build.0 = Debug|Any CPU
		{5DB56172-76BC-49F3-A4F1-0726924D8D5E}.Release|Any CPU.ActiveCfg = Release|Any CPU
		{5DB56172-76BC-49F3-A4F1-0726924D8D5E}.Release|Any CPU.Build.0 = Release|Any CPU
	EndGlobalSection
EndGlobal
