Microsoft Visual Studio Solution File, Format Version 12.00
# Visual Studio Version 17
VisualStudioVersion = 17.5.2.0
MinimumVisualStudioVersion = 10.0.40219.1
Project("{FAE04EC0-301F-11D3-BF4B-00C04F79EFBC}") = "MergeAlternately", "MergeAlternately.csproj", "{1B65D79E-F85D-20BF-1039-AB4745F729C5}"
EndProject
Global
	GlobalSection(SolutionConfigurationPlatforms) = preSolution
		Debug|Any CPU = Debug|Any CPU
		Release|Any CPU = Release|Any CPU
	EndGlobalSection
	GlobalSection(ProjectConfigurationPlatforms) = postSolution
		{1B65D79E-F85D-20BF-1039-AB4745F729C5}.Debug|Any CPU.ActiveCfg = Debug|Any CPU
		{1B65D79E-F85D-20BF-1039-AB4745F729C5}.Debug|Any CPU.Build.0 = Debug|Any CPU
		{1B65D79E-F85D-20BF-1039-AB4745F729C5}.Release|Any CPU.ActiveCfg = Release|Any CPU
		{1B65D79E-F85D-20BF-1039-AB4745F729C5}.Release|Any CPU.Build.0 = Release|Any CPU
	EndGlobalSection
	GlobalSection(SolutionProperties) = preSolution
		HideSolutionNode = FALSE
	EndGlobalSection
	GlobalSection(ExtensibilityGlobals) = postSolution
		SolutionGuid = {FA38D868-C6E6-44C0-A8A0-325EEF32A199}
	EndGlobalSection
EndGlobal
