Microsoft Visual Studio Solution File, Format Version 12.00
# Visual Studio Version 17
VisualStudioVersion = 17.5.2.0
MinimumVisualStudioVersion = 10.0.40219.1
Project("{FAE04EC0-301F-11D3-BF4B-00C04F79EFBC}") = "XorOperation", "XorOperation.csproj", "{7B263ABB-9FA2-B03E-92C8-8BCF2BFAE860}"
EndProject
Global
	GlobalSection(SolutionConfigurationPlatforms) = preSolution
		Debug|Any CPU = Debug|Any CPU
		Release|Any CPU = Release|Any CPU
	EndGlobalSection
	GlobalSection(ProjectConfigurationPlatforms) = postSolution
		{7B263ABB-9FA2-B03E-92C8-8BCF2BFAE860}.Debug|Any CPU.ActiveCfg = Debug|Any CPU
		{7B263ABB-9FA2-B03E-92C8-8BCF2BFAE860}.Debug|Any CPU.Build.0 = Debug|Any CPU
		{7B263ABB-9FA2-B03E-92C8-8BCF2BFAE860}.Release|Any CPU.ActiveCfg = Release|Any CPU
		{7B263ABB-9FA2-B03E-92C8-8BCF2BFAE860}.Release|Any CPU.Build.0 = Release|Any CPU
	EndGlobalSection
	GlobalSection(SolutionProperties) = preSolution
		HideSolutionNode = FALSE
	EndGlobalSection
	GlobalSection(ExtensibilityGlobals) = postSolution
		SolutionGuid = {8F17B566-7942-4C3F-830D-C85EA9646AB0}
	EndGlobalSection
EndGlobal
